// !$*UTF8*$!
{
	archiveVersion = 1;
	classes = {
	};
	objectVersion = 46;
	objects = {

/* Begin PBXBuildFile section */
		F86F8A8E1CD1C6F800FEFA92 /* AppDelegate.swift in Sources */ = {isa = PBXBuildFile; fileRef = F86F8A8D1CD1C6F800FEFA92 /* AppDelegate.swift */; };
		F86F8A901CD1C6F800FEFA92 /* ViewController.swift in Sources */ = {isa = PBXBuildFile; fileRef = F86F8A8F1CD1C6F800FEFA92 /* ViewController.swift */; };
		F86F8A931CD1C6F800FEFA92 /* Main.storyboard in Resources */ = {isa = PBXBuildFile; fileRef = F86F8A911CD1C6F800FEFA92 /* Main.storyboard */; };
		F86F8A951CD1C6F800FEFA92 /* Assets.xcassets in Resources */ = {isa = PBXBuildFile; fileRef = F86F8A941CD1C6F800FEFA92 /* Assets.xcassets */; };
		F86F8A981CD1C6F800FEFA92 /* LaunchScreen.storyboard in Resources */ = {isa = PBXBuildFile; fileRef = F86F8A961CD1C6F800FEFA92 /* LaunchScreen.storyboard */; };
		F86F8AA31CD1C6F900FEFA92 /* CurriedOutletFunctionsTests.swift in Sources */ = {isa = PBXBuildFile; fileRef = F86F8AA21CD1C6F900FEFA92 /* CurriedOutletFunctionsTests.swift */; };
/* End PBXBuildFile section */

/* Begin PBXContainerItemProxy section */
		F86F8A9F1CD1C6F800FEFA92 /* PBXContainerItemProxy */ = {
			isa = PBXContainerItemProxy;
			containerPortal = F86F8A821CD1C6F800FEFA92 /* Project object */;
			proxyType = 1;
			remoteGlobalIDString = F86F8A891CD1C6F800FEFA92;
			remoteInfo = CurriedOutletFunctions;
		};
/* End PBXContainerItemProxy section */

/* Begin PBXFileReference section */
		F86F8A8A1CD1C6F800FEFA92 /* CurriedOutletFunctions.app */ = {isa = PBXFileReference; explicitFileType = wrapper.application; includeInIndex = 0; path = CurriedOutletFunctions.app; sourceTree = BUILT_PRODUCTS_DIR; };
		F86F8A8D1CD1C6F800FEFA92 /* AppDelegate.swift */ = {isa = PBXFileReference; lastKnownFileType = sourcecode.swift; path = AppDelegate.swift; sourceTree = "<group>"; };
		F86F8A8F1CD1C6F800FEFA92 /* ViewController.swift */ = {isa = PBXFileReference; lastKnownFileType = sourcecode.swift; path = ViewController.swift; sourceTree = "<group>"; };
		F86F8A921CD1C6F800FEFA92 /* Base */ = {isa = PBXFileReference; lastKnownFileType = file.storyboard; name = Base; path = Base.lproj/Main.storyboard; sourceTree = "<group>"; };
		F86F8A941CD1C6F800FEFA92 /* Assets.xcassets */ = {isa = PBXFileReference; lastKnownFileType = folder.assetcatalog; path = Assets.xcassets; sourceTree = "<group>"; };
		F86F8A971CD1C6F800FEFA92 /* Base */ = {isa = PBXFileReference; lastKnownFileType = file.storyboard; name = Base; path = Base.lproj/LaunchScreen.storyboard; sourceTree = "<group>"; };
		F86F8A991CD1C6F800FEFA92 /* Info.plist */ = {isa = PBXFileReference; lastKnownFileType = text.plist.xml; path = Info.plist; sourceTree = "<group>"; };
		F86F8A9E1CD1C6F800FEFA92 /* CurriedOutletFunctionsTests.xctest */ = {isa = PBXFileReference; explicitFileType = wrapper.cfbundle; includeInIndex = 0; path = CurriedOutletFunctionsTests.xctest; sourceTree = BUILT_PRODUCTS_DIR; };
		F86F8AA21CD1C6F900FEFA92 /* CurriedOutletFunctionsTests.swift */ = {isa = PBXFileReference; lastKnownFileType = sourcecode.swift; path = CurriedOutletFunctionsTests.swift; sourceTree = "<group>"; };
		F86F8AA41CD1C6F900FEFA92 /* Info.plist */ = {isa = PBXFileReference; lastKnownFileType = text.plist.xml; path = Info.plist; sourceTree = "<group>"; };
/* End PBXFileReference section */

/* Begin PBXFrameworksBuildPhase section */
		F86F8A871CD1C6F800FEFA92 /* Frameworks */ = {
			isa = PBXFrameworksBuildPhase;
			buildActionMask = 2147483647;
			files = (
			);
			runOnlyForDeploymentPostprocessing = 0;
		};
		F86F8A9B1CD1C6F800FEFA92 /* Frameworks */ = {
			isa = PBXFrameworksBuildPhase;
			buildActionMask = 2147483647;
			files = (
			);
			runOnlyForDeploymentPostprocessing = 0;
		};
/* End PBXFrameworksBuildPhase section */

/* Begin PBXGroup section */
		F86F8A811CD1C6F800FEFA92 = {
			isa = PBXGroup;
			children = (
				F86F8A8C1CD1C6F800FEFA92 /* CurriedOutletFunctions */,
				F86F8AA11CD1C6F800FEFA92 /* CurriedOutletFunctionsTests */,
				F86F8A8B1CD1C6F800FEFA92 /* Products */,
			);
			sourceTree = "<group>";
		};
		F86F8A8B1CD1C6F800FEFA92 /* Products */ = {
			isa = PBXGroup;
			children = (
				F86F8A8A1CD1C6F800FEFA92 /* CurriedOutletFunctions.app */,
				F86F8A9E1CD1C6F800FEFA92 /* CurriedOutletFunctionsTests.xctest */,
			);
			name = Products;
			sourceTree = "<group>";
		};
		F86F8A8C1CD1C6F800FEFA92 /* CurriedOutletFunctions */ = {
			isa = PBXGroup;
			children = (
				F86F8A8D1CD1C6F800FEFA92 /* AppDelegate.swift */,
				F86F8A8F1CD1C6F800FEFA92 /* ViewController.swift */,
				F86F8A911CD1C6F800FEFA92 /* Main.storyboard */,
				F86F8A941CD1C6F800FEFA92 /* Assets.xcassets */,
				F86F8A961CD1C6F800FEFA92 /* LaunchScreen.storyboard */,
				F86F8A991CD1C6F800FEFA92 /* Info.plist */,
			);
			path = CurriedOutletFunctions;
			sourceTree = "<group>";
		};
		F86F8AA11CD1C6F800FEFA92 /* CurriedOutletFunctionsTests */ = {
			isa = PBXGroup;
			children = (
				F86F8AA21CD1C6F900FEFA92 /* CurriedOutletFunctionsTests.swift */,
				F86F8AA41CD1C6F900FEFA92 /* Info.plist */,
			);
			path = CurriedOutletFunctionsTests;
			sourceTree = "<group>";
		};
/* End PBXGroup section */

/* Begin PBXNativeTarget section */
		F86F8A891CD1C6F800FEFA92 /* CurriedOutletFunctions */ = {
			isa = PBXNativeTarget;
			buildConfigurationList = F86F8AA71CD1C6F900FEFA92 /* Build configuration list for PBXNativeTarget "CurriedOutletFunctions" */;
			buildPhases = (
				F86F8A861CD1C6F800FEFA92 /* Sources */,
				F86F8A871CD1C6F800FEFA92 /* Frameworks */,
				F86F8A881CD1C6F800FEFA92 /* Resources */,
			);
			buildRules = (
			);
			dependencies = (
			);
			name = CurriedOutletFunctions;
			productName = CurriedOutletFunctions;
			productReference = F86F8A8A1CD1C6F800FEFA92 /* CurriedOutletFunctions.app */;
			productType = "com.apple.product-type.application";
		};
		F86F8A9D1CD1C6F800FEFA92 /* CurriedOutletFunctionsTests */ = {
			isa = PBXNativeTarget;
			buildConfigurationList = F86F8AAA1CD1C6F900FEFA92 /* Build configuration list for PBXNativeTarget "CurriedOutletFunctionsTests" */;
			buildPhases = (
				F86F8A9A1CD1C6F800FEFA92 /* Sources */,
				F86F8A9B1CD1C6F800FEFA92 /* Frameworks */,
				F86F8A9C1CD1C6F800FEFA92 /* Resources */,
			);
			buildRules = (
			);
			dependencies = (
				F86F8AA01CD1C6F800FEFA92 /* PBXTargetDependency */,
			);
			name = CurriedOutletFunctionsTests;
			productName = CurriedOutletFunctionsTests;
			productReference = F86F8A9E1CD1C6F800FEFA92 /* CurriedOutletFunctionsTests.xctest */;
			productType = "com.apple.product-type.bundle.unit-test";
		};
/* End PBXNativeTarget section */

/* Begin PBXProject section */
		F86F8A821CD1C6F800FEFA92 /* Project object */ = {
			isa = PBXProject;
			attributes = {
				LastSwiftUpdateCheck = 0730;
				LastUpgradeCheck = 0730;
				ORGANIZATIONNAME = "Ben Chatelain";
				TargetAttributes = {
					F86F8A891CD1C6F800FEFA92 = {
						CreatedOnToolsVersion = 7.3.1;
					};
					F86F8A9D1CD1C6F800FEFA92 = {
						CreatedOnToolsVersion = 7.3.1;
						TestTargetID = F86F8A891CD1C6F800FEFA92;
					};
				};
			};
			buildConfigurationList = F86F8A851CD1C6F800FEFA92 /* Build configuration list for PBXProject "CurriedOutletFunctions" */;
			compatibilityVersion = "Xcode 3.2";
			developmentRegion = English;
			hasScannedForEncodings = 0;
			knownRegions = (
				en,
				Base,
			);
			mainGroup = F86F8A811CD1C6F800FEFA92;
			productRefGroup = F86F8A8B1CD1C6F800FEFA92 /* Products */;
			projectDirPath = "";
			projectRoot = "";
			targets = (
				F86F8A891CD1C6F800FEFA92 /* CurriedOutletFunctions */,
				F86F8A9D1CD1C6F800FEFA92 /* CurriedOutletFunctionsTests */,
			);
		};
/* End PBXProject section */

/* Begin PBXResourcesBuildPhase section */
		F86F8A881CD1C6F800FEFA92 /* Resources */ = {
			isa = PBXResourcesBuildPhase;
			buildActionMask = 2147483647;
			files = (
				F86F8A981CD1C6F800FEFA92 /* LaunchScreen.storyboard in Resources */,
				F86F8A951CD1C6F800FEFA92 /* Assets.xcassets in Resources */,
				F86F8A931CD1C6F800FEFA92 /* Main.storyboard in Resources */,
			);
			runOnlyForDeploymentPostprocessing = 0;
		};
		F86F8A9C1CD1C6F800FEFA92 /* Resources */ = {
			isa = PBXResourcesBuildPhase;
			buildActionMask = 2147483647;
			files = (
			);
			runOnlyForDeploymentPostprocessing = 0;
		};
/* End PBXResourcesBuildPhase section */

/* Begin PBXSourcesBuildPhase section */
		F86F8A861CD1C6F800FEFA92 /* Sources */ = {
			isa = PBXSourcesBuildPhase;
			buildActionMask = 2147483647;
			files = (
				F86F8A901CD1C6F800FEFA92 /* ViewController.swift in Sources */,
				F86F8A8E1CD1C6F800FEFA92 /* AppDelegate.swift in Sources */,
			);
			runOnlyForDeploymentPostprocessing = 0;
		};
		F86F8A9A1CD1C6F800FEFA92 /* Sources */ = {
			isa = PBXSourcesBuildPhase;
			buildActionMask = 2147483647;
			files = (
				F86F8AA31CD1C6F900FEFA92 /* CurriedOutletFunctionsTests.swift in Sources */,
			);
			runOnlyForDeploymentPostprocessing = 0;
		};
/* End PBXSourcesBuildPhase section */

/* Begin PBXTargetDependency section */
		F86F8AA01CD1C6F800FEFA92 /* PBXTargetDependency */ = {
			isa = PBXTargetDependency;
			target = F86F8A891CD1C6F800FEFA92 /* CurriedOutletFunctions */;
			targetProxy = F86F8A9F1CD1C6F800FEFA92 /* PBXContainerItemProxy */;
		};
/* End PBXTargetDependency section */

/* Begin PBXVariantGroup section */
		F86F8A911CD1C6F800FEFA92 /* Main.storyboard */ = {
			isa = PBXVariantGroup;
			children = (
				F86F8A921CD1C6F800FEFA92 /* Base */,
			);
			name = Main.storyboard;
			sourceTree = "<group>";
		};
		F86F8A961CD1C6F800FEFA92 /* LaunchScreen.storyboard */ = {
			isa = PBXVariantGroup;
			children = (
				F86F8A971CD1C6F800FEFA92 /* Base */,
			);
			name = LaunchScreen.storyboard;
			sourceTree = "<group>";
		};
/* End PBXVariantGroup section */

/* Begin XCBuildConfiguration section */
		F86F8AA51CD1C6F900FEFA92 /* Debug */ = {
			isa = XCBuildConfiguration;
			buildSettings = {
				ALWAYS_SEARCH_USER_PATHS = NO;
				CLANG_ANALYZER_NONNULL = YES;
				CLANG_CXX_LANGUAGE_STANDARD = "gnu++0x";
				CLANG_CXX_LIBRARY = "libc++";
				CLANG_ENABLE_MODULES = YES;
				CLANG_ENABLE_OBJC_ARC = YES;
				CLANG_WARN_BOOL_CONVERSION = YES;
				CLANG_WARN_CONSTANT_CONVERSION = YES;
				CLANG_WARN_DIRECT_OBJC_ISA_USAGE = YES_ERROR;
				CLANG_WARN_EMPTY_BODY = YES;
				CLANG_WARN_ENUM_CONVERSION = YES;
				CLANG_WARN_INT_CONVERSION = YES;
				CLANG_WARN_OBJC_ROOT_CLASS = YES_ERROR;
				CLANG_WARN_UNREACHABLE_CODE = YES;
				CLANG_WARN__DUPLICATE_METHOD_MATCH = YES;
				"CODE_SIGN_IDENTITY[sdk=iphoneos*]" = "iPhone Developer";
				COPY_PHASE_STRIP = NO;
				DEBUG_INFORMATION_FORMAT = dwarf;
				ENABLE_STRICT_OBJC_MSGSEND = YES;
				ENABLE_TESTABILITY = YES;
				GCC_C_LANGUAGE_STANDARD = gnu99;
				GCC_DYNAMIC_NO_PIC = NO;
				GCC_NO_COMMON_BLOCKS = YES;
				GCC_OPTIMIZATION_LEVEL = 0;
				GCC_PREPROCESSOR_DEFINITIONS = (
					"DEBUG=1",
					"$(inherited)",
				);
				GCC_WARN_64_TO_32_BIT_CONVERSION = YES;
				GCC_WARN_ABOUT_RETURN_TYPE = YES_ERROR;
				GCC_WARN_UNDECLARED_SELECTOR = YES;
				GCC_WARN_UNINITIALIZED_AUTOS = YES_AGGRESSIVE;
				GCC_WARN_UNUSED_FUNCTION = YES;
				GCC_WARN_UNUSED_VARIABLE = YES;
				IPHONEOS_DEPLOYMENT_TARGET = 9.3;
				MTL_ENABLE_DEBUG_INFO = YES;
				ONLY_ACTIVE_ARCH = YES;
				SDKROOT = iphoneos;
				SWIFT_OPTIMIZATION_LEVEL = "-Onone";
				TARGETED_DEVICE_FAMILY = "1,2";
			};
			name = Debug;
		};
		F86F8AA61CD1C6F900FEFA92 /* Release */ = {
			isa = XCBuildConfiguration;
			buildSettings = {
				ALWAYS_SEARCH_USER_PATHS = NO;
				CLANG_ANALYZER_NONNULL = YES;
				CLANG_CXX_LANGUAGE_STANDARD = "gnu++0x";
				CLANG_CXX_LIBRARY = "libc++";
				CLANG_ENABLE_MODULES = YES;
				CLANG_ENABLE_OBJC_ARC = YES;
				CLANG_WARN_BOOL_CONVERSION = YES;
				CLANG_WARN_CONSTANT_CONVERSION = YES;
				CLANG_WARN_DIRECT_OBJC_ISA_USAGE = YES_ERROR;
				CLANG_WARN_EMPTY_BODY = YES;
				CLANG_WARN_ENUM_CONVERSION = YES;
				CLANG_WARN_INT_CONVERSION = YES;
				CLANG_WARN_OBJC_ROOT_CLASS = YES_ERROR;
				CLANG_WARN_UNREACHABLE_CODE = YES;
				CLANG_WARN__DUPLICATE_METHOD_MATCH = YES;
				"CODE_SIGN_IDENTITY[sdk=iphoneos*]" = "iPhone Developer";
				COPY_PHASE_STRIP = NO;
				DEBUG_INFORMATION_FORMAT = "dwarf-with-dsym";
				ENABLE_NS_ASSERTIONS = NO;
				ENABLE_STRICT_OBJC_MSGSEND = YES;
				GCC_C_LANGUAGE_STANDARD = gnu99;
				GCC_NO_COMMON_BLOCKS = YES;
				GCC_WARN_64_TO_32_BIT_CONVERSION = YES;
				GCC_WARN_ABOUT_RETURN_TYPE = YES_ERROR;
				GCC_WARN_UNDECLARED_SELECTOR = YES;
				GCC_WARN_UNINITIALIZED_AUTOS = YES_AGGRESSIVE;
				GCC_WARN_UNUSED_FUNCTION = YES;
				GCC_WARN_UNUSED_VARIABLE = YES;
				IPHONEOS_DEPLOYMENT_TARGET = 9.3;
				MTL_ENABLE_DEBUG_INFO = NO;
				SDKROOT = iphoneos;
				TARGETED_DEVICE_FAMILY = "1,2";
				VALIDATE_PRODUCT = YES;
			};
			name = Release;
		};
		F86F8AA81CD1C6F900FEFA92 /* Debug */ = {
			isa = XCBuildConfiguration;
			buildSettings = {
				ASSETCATALOG_COMPILER_APPICON_NAME = AppIcon;
				INFOPLIST_FILE = CurriedOutletFunctions/Info.plist;
				LD_RUNPATH_SEARCH_PATHS = "$(inherited) @executable_path/Frameworks";
				PRODUCT_BUNDLE_IDENTIFIER = com.phatblat.CurriedOutletFunctions;
				PRODUCT_NAME = "$(TARGET_NAME)";
			};
			name = Debug;
		};
		F86F8AA91CD1C6F900FEFA92 /* Release */ = {
			isa = XCBuildConfiguration;
			buildSettings = {
				ASSETCATALOG_COMPILER_APPICON_NAME = AppIcon;
				INFOPLIST_FILE = CurriedOutletFunctions/Info.plist;
				LD_RUNPATH_SEARCH_PATHS = "$(inherited) @executable_path/Frameworks";
				PRODUCT_BUNDLE_IDENTIFIER = com.phatblat.CurriedOutletFunctions;
				PRODUCT_NAME = "$(TARGET_NAME)";
			};
			name = Release;
		};
		F86F8AAB1CD1C6F900FEFA92 /* Debug */ = {
			isa = XCBuildConfiguration;
			buildSettings = {
				BUNDLE_LOADER = "$(TEST_HOST)";
				INFOPLIST_FILE = CurriedOutletFunctionsTests/Info.plist;
				LD_RUNPATH_SEARCH_PATHS = "$(inherited) @executable_path/Frameworks @loader_path/Frameworks";
				PRODUCT_BUNDLE_IDENTIFIER = com.phatblat.CurriedOutletFunctionsTests;
				PRODUCT_NAME = "$(TARGET_NAME)";
				TEST_HOST = "$(BUILT_PRODUCTS_DIR)/CurriedOutletFunctions.app/CurriedOutletFunctions";
			};
			name = Debug;
		};
		F86F8AAC1CD1C6F900FEFA92 /* Release */ = {
			isa = XCBuildConfiguration;
			buildSettings = {
				BUNDLE_LOADER = "$(TEST_HOST)";
				INFOPLIST_FILE = CurriedOutletFunctionsTests/Info.plist;
				LD_RUNPATH_SEARCH_PATHS = "$(inherited) @executable_path/Frameworks @loader_path/Frameworks";
				PRODUCT_BUNDLE_IDENTIFIER = com.phatblat.CurriedOutletFunctionsTests;
				PRODUCT_NAME = "$(TARGET_NAME)";
				TEST_HOST = "$(BUILT_PRODUCTS_DIR)/CurriedOutletFunctions.app/CurriedOutletFunctions";
			};
			name = Release;
		};
/* End XCBuildConfiguration section */

/* Begin XCConfigurationList section */
		F86F8A851CD1C6F800FEFA92 /* Build configuration list for PBXProject "CurriedOutletFunctions" */ = {
			isa = XCConfigurationList;
			buildConfigurations = (
				F86F8AA51CD1C6F900FEFA92 /* Debug */,
				F86F8AA61CD1C6F900FEFA92 /* Release */,
			);
			defaultConfigurationIsVisible = 0;
			defaultConfigurationName = Release;
		};
		F86F8AA71CD1C6F900FEFA92 /* Build configuration list for PBXNativeTarget "CurriedOutletFunctions" */ = {
			isa = XCConfigurationList;
			buildConfigurations = (
				F86F8AA81CD1C6F900FEFA92 /* Debug */,
				F86F8AA91CD1C6F900FEFA92 /* Release */,
			);
			defaultConfigurationIsVisible = 0;
		};
		F86F8AAA1CD1C6F900FEFA92 /* Build configuration list for PBXNativeTarget "CurriedOutletFunctionsTests" */ = {
			isa = XCConfigurationList;
			buildConfigurations = (
				F86F8AAB1CD1C6F900FEFA92 /* Debug */,
				F86F8AAC1CD1C6F900FEFA92 /* Release */,
			);
			defaultConfigurationIsVisible = 0;
		};
/* End XCConfigurationList section */
	};
	rootObject = F86F8A821CD1C6F800FEFA92 /* Project object */;
}
